
Microsoft Visual Studio Solution File, Format Version 12.00
# Visual Studio 14
VisualStudioVersion = 14.0.25420.1
MinimumVisualStudioVersion = 10.0.40219.1
Project("{8BC9CEB8-8B4A-11D0-8D11-00A0C91BC942}") = "SRRZedVision2015", "SRRZedVision2015.vcxproj", "{5819C3C3-1267-429F-A47E-1A67CFD4CCDE}"
	ProjectSection(ProjectDependencies) = postProject
		{556FC434-D0C3-4B96-BF29-E9CF5CD24F02} = {556FC434-D0C3-4B96-BF29-E9CF5CD24F02}
	EndProjectSection
EndProject
Project("{8BC9CEB8-8B4A-11D0-8D11-00A0C91BC942}") = "SmartDashboard2015", "SmartDashboard\SmartDashboard2015.vcxproj", "{556FC434-D0C3-4B96-BF29-E9CF5CD24F02}"
EndProject
Project("{8BC9CEB8-8B4A-11D0-8D11-00A0C91BC942}") = "SmartDashboardTester2015", "SmartDashboardTester\SmartDashboardTester2015.vcxproj", "{A473B9B5-F0B8-449C-828A-54FE6046645D}"
EndProject
Project("{8BC9CEB8-8B4A-11D0-8D11-00A0C91BC942}") = "TestServerZed2015", "TestServerZed\TestServerZed2015.vcxproj", "{C16FAE74-7739-4366-86DC-3AECE8E94FFF}"
EndProject
Global
	GlobalSection(SolutionConfigurationPlatforms) = preSolution
		Debug|Mixed Platforms = Debug|Mixed Platforms
		Debug|Win32 = Debug|Win32
		Debug|x64 = Debug|x64
		DebugCuda|Mixed Platforms = DebugCuda|Mixed Platforms
		DebugCuda|Win32 = DebugCuda|Win32
		DebugCuda|x64 = DebugCuda|x64
		Release|Mixed Platforms = Release|Mixed Platforms
		Release|Win32 = Release|Win32
		Release|x64 = Release|x64
		ReleaseCuda|Mixed Platforms = ReleaseCuda|Mixed Platforms
		ReleaseCuda|Win32 = ReleaseCuda|Win32
		ReleaseCuda|x64 = ReleaseCuda|x64
	EndGlobalSection
	GlobalSection(ProjectConfigurationPlatforms) = postSolution
		{5819C3C3-1267-429F-A47E-1A67CFD4CCDE}.Debug|Mixed Platforms.ActiveCfg = Debug|Win32
		{5819C3C3-1267-429F-A47E-1A67CFD4CCDE}.Debug|Mixed Platforms.Build.0 = Debug|Win32
		{5819C3C3-1267-429F-A47E-1A67CFD4CCDE}.Debug|Win32.ActiveCfg = Debug|Win32
		{5819C3C3-1267-429F-A47E-1A67CFD4CCDE}.Debug|Win32.Build.0 = Debug|Win32
		{5819C3C3-1267-429F-A47E-1A67CFD4CCDE}.Debug|x64.ActiveCfg = Debug|x64
		{5819C3C3-1267-429F-A47E-1A67CFD4CCDE}.Debug|x64.Build.0 = Debug|x64
		{5819C3C3-1267-429F-A47E-1A67CFD4CCDE}.DebugCuda|Mixed Platforms.ActiveCfg = DebugCuda|Win32
		{5819C3C3-1267-429F-A47E-1A67CFD4CCDE}.DebugCuda|Mixed Platforms.Build.0 = DebugCuda|Win32
		{5819C3C3-1267-429F-A47E-1A67CFD4CCDE}.DebugCuda|Win32.ActiveCfg = DebugCuda|Win32
		{5819C3C3-1267-429F-A47E-1A67CFD4CCDE}.DebugCuda|Win32.Build.0 = DebugCuda|Win32
		{5819C3C3-1267-429F-A47E-1A67CFD4CCDE}.DebugCuda|x64.ActiveCfg = DebugCuda|x64
		{5819C3C3-1267-429F-A47E-1A67CFD4CCDE}.DebugCuda|x64.Build.0 = DebugCuda|x64
		{5819C3C3-1267-429F-A47E-1A67CFD4CCDE}.Release|Mixed Platforms.ActiveCfg = Release|Win32
		{5819C3C3-1267-429F-A47E-1A67CFD4CCDE}.Release|Mixed Platforms.Build.0 = Release|Win32
		{5819C3C3-1267-429F-A47E-1A67CFD4CCDE}.Release|Win32.ActiveCfg = Release|Win32
		{5819C3C3-1267-429F-A47E-1A67CFD4CCDE}.Release|Win32.Build.0 = Release|Win32
		{5819C3C3-1267-429F-A47E-1A67CFD4CCDE}.Release|x64.ActiveCfg = Release|x64
		{5819C3C3-1267-429F-A47E-1A67CFD4CCDE}.Release|x64.Build.0 = Release|x64
		{5819C3C3-1267-429F-A47E-1A67CFD4CCDE}.ReleaseCuda|Mixed Platforms.ActiveCfg = ReleaseCuda|Win32
		{5819C3C3-1267-429F-A47E-1A67CFD4CCDE}.ReleaseCuda|Mixed Platforms.Build.0 = ReleaseCuda|Win32
		{5819C3C3-1267-429F-A47E-1A67CFD4CCDE}.ReleaseCuda|Win32.ActiveCfg = ReleaseCuda|Win32
		{5819C3C3-1267-429F-A47E-1A67CFD4CCDE}.ReleaseCuda|Win32.Build.0 = ReleaseCuda|Win32
		{5819C3C3-1267-429F-A47E-1A67CFD4CCDE}.ReleaseCuda|x64.ActiveCfg = ReleaseCuda|x64
		{5819C3C3-1267-429F-A47E-1A67CFD4CCDE}.ReleaseCuda|x64.Build.0 = ReleaseCuda|x64
		{556FC434-D0C3-4B96-BF29-E9CF5CD24F02}.Debug|Mixed Platforms.ActiveCfg = Debug|Win32
		{556FC434-D0C3-4B96-BF29-E9CF5CD24F02}.Debug|Mixed Platforms.Build.0 = Debug|Win32
		{556FC434-D0C3-4B96-BF29-E9CF5CD24F02}.Debug|Win32.ActiveCfg = Debug|Win32
		{556FC434-D0C3-4B96-BF29-E9CF5CD24F02}.Debug|Win32.Build.0 = Debug|Win32
		{556FC434-D0C3-4B96-BF29-E9CF5CD24F02}.Debug|x64.ActiveCfg = Debug|x64
		{556FC434-D0C3-4B96-BF29-E9CF5CD24F02}.Debug|x64.Build.0 = Debug|x64
		{556FC434-D0C3-4B96-BF29-E9CF5CD24F02}.DebugCuda|Mixed Platforms.ActiveCfg = DebugCuda|Win32
		{556FC434-D0C3-4B96-BF29-E9CF5CD24F02}.DebugCuda|Mixed Platforms.Build.0 = DebugCuda|Win32
		{556FC434-D0C3-4B96-BF29-E9CF5CD24F02}.DebugCuda|Win32.ActiveCfg = DebugCuda|Win32
		{556FC434-D0C3-4B96-BF29-E9CF5CD24F02}.DebugCuda|Win32.Build.0 = DebugCuda|Win32
		{556FC434-D0C3-4B96-BF29-E9CF5CD24F02}.DebugCuda|x64.ActiveCfg = DebugCuda|x64
		{556FC434-D0C3-4B96-BF29-E9CF5CD24F02}.DebugCuda|x64.Build.0 = DebugCuda|x64
		{556FC434-D0C3-4B96-BF29-E9CF5CD24F02}.Release|Mixed Platforms.ActiveCfg = Release|Win32
		{556FC434-D0C3-4B96-BF29-E9CF5CD24F02}.Release|Mixed Platforms.Build.0 = Release|Win32
		{556FC434-D0C3-4B96-BF29-E9CF5CD24F02}.Release|Win32.ActiveCfg = Release|Win32
		{556FC434-D0C3-4B96-BF29-E9CF5CD24F02}.Release|Win32.Build.0 = Release|Win32
		{556FC434-D0C3-4B96-BF29-E9CF5CD24F02}.Release|x64.ActiveCfg = Release|x64
		{556FC434-D0C3-4B96-BF29-E9CF5CD24F02}.Release|x64.Build.0 = Release|x64
		{556FC434-D0C3-4B96-BF29-E9CF5CD24F02}.ReleaseCuda|Mixed Platforms.ActiveCfg = ReleaseCuda|Win32
		{556FC434-D0C3-4B96-BF29-E9CF5CD24F02}.ReleaseCuda|Mixed Platforms.Build.0 = ReleaseCuda|Win32
		{556FC434-D0C3-4B96-BF29-E9CF5CD24F02}.ReleaseCuda|Win32.ActiveCfg = ReleaseCuda|Win32
		{556FC434-D0C3-4B96-BF29-E9CF5CD24F02}.ReleaseCuda|Win32.Build.0 = ReleaseCuda|Win32
		{556FC434-D0C3-4B96-BF29-E9CF5CD24F02}.ReleaseCuda|x64.ActiveCfg = ReleaseCuda|x64
		{556FC434-D0C3-4B96-BF29-E9CF5CD24F02}.ReleaseCuda|x64.Build.0 = ReleaseCuda|x64
		{A473B9B5-F0B8-449C-828A-54FE6046645D}.Debug|Mixed Platforms.ActiveCfg = Debug|Win32
		{A473B9B5-F0B8-449C-828A-54FE6046645D}.Debug|Mixed Platforms.Build.0 = Debug|Win32
		{A473B9B5-F0B8-449C-828A-54FE6046645D}.Debug|Win32.ActiveCfg = Debug|Win32
		{A473B9B5-F0B8-449C-828A-54FE6046645D}.Debug|Win32.Build.0 = Debug|Win32
		{A473B9B5-F0B8-449C-828A-54FE6046645D}.Debug|x64.ActiveCfg = Debug|x64
		{A473B9B5-F0B8-449C-828A-54FE6046645D}.Debug|x64.Build.0 = Debug|x64
		{A473B9B5-F0B8-449C-828A-54FE6046645D}.DebugCuda|Mixed Platforms.ActiveCfg = DebugCuda|Win32
		{A473B9B5-F0B8-449C-828A-54FE6046645D}.DebugCuda|Mixed Platforms.Build.0 = DebugCuda|Win32
		{A473B9B5-F0B8-449C-828A-54FE6046645D}.DebugCuda|Win32.ActiveCfg = DebugCuda|Win32
		{A473B9B5-F0B8-449C-828A-54FE6046645D}.DebugCuda|Win32.Build.0 = DebugCuda|Win32
		{A473B9B5-F0B8-449C-828A-54FE6046645D}.DebugCuda|x64.ActiveCfg = DebugCuda|x64
		{A473B9B5-F0B8-449C-828A-54FE6046645D}.DebugCuda|x64.Build.0 = DebugCuda|x64
		{A473B9B5-F0B8-449C-828A-54FE6046645D}.Release|Mixed Platforms.ActiveCfg = Release|Win32
		{A473B9B5-F0B8-449C-828A-54FE6046645D}.Release|Mixed Platforms.Build.0 = Release|Win32
		{A473B9B5-F0B8-449C-828A-54FE6046645D}.Release|Win32.ActiveCfg = Release|Win32
		{A473B9B5-F0B8-449C-828A-54FE6046645D}.Release|Win32.Build.0 = Release|Win32
		{A473B9B5-F0B8-449C-828A-54FE6046645D}.Release|x64.ActiveCfg = Release|x64
		{A473B9B5-F0B8-449C-828A-54FE6046645D}.Release|x64.Build.0 = Release|x64
		{A473B9B5-F0B8-449C-828A-54FE6046645D}.ReleaseCuda|Mixed Platforms.ActiveCfg = ReleaseCuda|Win32
		{A473B9B5-F0B8-449C-828A-54FE6046645D}.ReleaseCuda|Mixed Platforms.Build.0 = ReleaseCuda|Win32
		{A473B9B5-F0B8-449C-828A-54FE6046645D}.ReleaseCuda|Win32.ActiveCfg = ReleaseCuda|Win32
		{A473B9B5-F0B8-449C-828A-54FE6046645D}.ReleaseCuda|Win32.Build.0 = ReleaseCuda|Win32
		{A473B9B5-F0B8-449C-828A-54FE6046645D}.ReleaseCuda|x64.ActiveCfg = ReleaseCuda|x64
		{A473B9B5-F0B8-449C-828A-54FE6046645D}.ReleaseCuda|x64.Build.0 = ReleaseCuda|x64
		{C16FAE74-7739-4366-86DC-3AECE8E94FFF}.Debug|Mixed Platforms.ActiveCfg = Debug|Win32
		{C16FAE74-7739-4366-86DC-3AECE8E94FFF}.Debug|Mixed Platforms.Build.0 = Debug|Win32
		{C16FAE74-7739-4366-86DC-3AECE8E94FFF}.Debug|Win32.ActiveCfg = Debug|Win32
		{C16FAE74-7739-4366-86DC-3AECE8E94FFF}.Debug|Win32.Build.0 = Debug|Win32
		{C16FAE74-7739-4366-86DC-3AECE8E94FFF}.Debug|x64.ActiveCfg = Debug|x64
		{C16FAE74-7739-4366-86DC-3AECE8E94FFF}.Debug|x64.Build.0 = Debug|x64
		{C16FAE74-7739-4366-86DC-3AECE8E94FFF}.DebugCuda|Mixed Platforms.ActiveCfg = DebugCuda|Win32
		{C16FAE74-7739-4366-86DC-3AECE8E94FFF}.DebugCuda|Mixed Platforms.Build.0 = DebugCuda|Win32
		{C16FAE74-7739-4366-86DC-3AECE8E94FFF}.DebugCuda|Win32.ActiveCfg = DebugCuda|Win32
		{C16FAE74-7739-4366-86DC-3AECE8E94FFF}.DebugCuda|Win32.Build.0 = DebugCuda|Win32
		{C16FAE74-7739-4366-86DC-3AECE8E94FFF}.DebugCuda|x64.ActiveCfg = DebugCuda|x64
		{C16FAE74-7739-4366-86DC-3AECE8E94FFF}.DebugCuda|x64.Build.0 = DebugCuda|x64
		{C16FAE74-7739-4366-86DC-3AECE8E94FFF}.Release|Mixed Platforms.ActiveCfg = Release|Win32
		{C16FAE74-7739-4366-86DC-3AECE8E94FFF}.Release|Mixed Platforms.Build.0 = Release|Win32
		{C16FAE74-7739-4366-86DC-3AECE8E94FFF}.Release|Win32.ActiveCfg = Release|Win32
		{C16FAE74-7739-4366-86DC-3AECE8E94FFF}.Release|Win32.Build.0 = Release|Win32
		{C16FAE74-7739-4366-86DC-3AECE8E94FFF}.Release|x64.ActiveCfg = Release|x64
		{C16FAE74-7739-4366-86DC-3AECE8E94FFF}.Release|x64.Build.0 = Release|x64
		{C16FAE74-7739-4366-86DC-3AECE8E94FFF}.ReleaseCuda|Mixed Platforms.ActiveCfg = ReleaseCuda|Win32
		{C16FAE74-7739-4366-86DC-3AECE8E94FFF}.ReleaseCuda|Mixed Platforms.Build.0 = ReleaseCuda|Win32
		{C16FAE74-7739-4366-86DC-3AECE8E94FFF}.ReleaseCuda|Win32.ActiveCfg = ReleaseCuda|Win32
		{C16FAE74-7739-4366-86DC-3AECE8E94FFF}.ReleaseCuda|Win32.Build.0 = ReleaseCuda|Win32
		{C16FAE74-7739-4366-86DC-3AECE8E94FFF}.ReleaseCuda|x64.ActiveCfg = ReleaseCuda|x64
		{C16FAE74-7739-4366-86DC-3AECE8E94FFF}.ReleaseCuda|x64.Build.0 = ReleaseCuda|x64
	EndGlobalSection
	GlobalSection(SolutionProperties) = preSolution
		HideSolutionNode = FALSE
	EndGlobalSection
EndGlobal
