
Microsoft Visual Studio Solution File, Format Version 10.00
# Visual Studio 2008
Project("{8BC9CEB8-8B4A-11D0-8D11-00A0C91BC942}") = "DashboardProxy", "DashboardProxy.vcproj", "{25D7811D-9EA1-4B33-B37C-7D4F109ECC15}"
EndProject
Global
	GlobalSection(SubversionScc) = preSolution
		Svn-Managed = True
		Manager = AnkhSVN - Subversion Support for Visual Studio
	EndGlobalSection
	GlobalSection(SolutionConfigurationPlatforms) = preSolution
		Debug|Win32 = Debug|Win32
		Release|Win32 = Release|Win32
	EndGlobalSection
	GlobalSection(ProjectConfigurationPlatforms) = postSolution
		{25D7811D-9EA1-4B33-B37C-7D4F109ECC15}.Debug|Win32.ActiveCfg = Debug|Win32
		{25D7811D-9EA1-4B33-B37C-7D4F109ECC15}.Debug|Win32.Build.0 = Debug|Win32
		{25D7811D-9EA1-4B33-B37C-7D4F109ECC15}.Release|Win32.ActiveCfg = Release|Win32
		{25D7811D-9EA1-4B33-B37C-7D4F109ECC15}.Release|Win32.Build.0 = Release|Win32
	EndGlobalSection
	GlobalSection(SolutionProperties) = preSolution
		HideSolutionNode = FALSE
	EndGlobalSection
EndGlobal
